{
  "originHash" : "557890fdacfad4e6e13ded34434c310d7ed8e12c68a04c1404ad503cb2bbb9e9",
  "pins" : [
    {
      "identity" : "arcagentsdocs",
      "kind" : "remoteSourceControl",
      "location" : "https://github.com/arclabs-studio/ARCAgentsDocs.git",
      "state" : {
        "revision" : "13f828e7e51608905d39a2523feca378052ef3fa",
        "version" : "1.0.0"
      }
    }
  ],
  "version" : 3
}
